
Microsoft Visual Studio Solution File, Format Version 12.00
# Visual Studio Version 16
VisualStudioVersion = 16.0.30907.101
MinimumVisualStudioVersion = 10.0.40219.1
Project("{FAE04EC0-301F-11D3-BF4B-00C04F79EFBC}") = "BufferedStreamClass", "BufferedStreamClass\BufferedStreamClass.csproj", "{F89257E4-7829-40CE-B894-BD50578839DF}"
EndProject
Global
	GlobalSection(SolutionConfigurationPlatforms) = preSolution
		Debug|Any CPU = Debug|Any CPU
		Release|Any CPU = Release|Any CPU
	EndGlobalSection
	GlobalSection(ProjectConfigurationPlatforms) = postSolution
		{F89257E4-7829-40CE-B894-BD50578839DF}.Debug|Any CPU.ActiveCfg = Debug|Any CPU
		{F89257E4-7829-40CE-B894-BD50578839DF}.Debug|Any CPU.Build.0 = Debug|Any CPU
		{F89257E4-7829-40CE-B894-BD50578839DF}.Release|Any CPU.ActiveCfg = Release|Any CPU
		{F89257E4-7829-40CE-B894-BD50578839DF}.Release|Any CPU.Build.0 = Release|Any CPU
	EndGlobalSection
	GlobalSection(SolutionProperties) = preSolution
		HideSolutionNode = FALSE
	EndGlobalSection
	GlobalSection(ExtensibilityGlobals) = postSolution
		SolutionGuid = {1D21368C-B79C-4D40-BF27-61D987263CDA}
	EndGlobalSection
EndGlobal
